
Microsoft Visual Studio Solution File, Format Version 12.00
# Visual Studio Version 17
VisualStudioVersion = 17.5.002.0
MinimumVisualStudioVersion = 10.0.40219.1
Project("{9A19103F-16F7-4668-BE54-9A1E7A4F7556}") = "Chat", "Chat.csproj", "{852E8110-AC2A-4515-993B-D177FB693A7D}"
EndProject
Global
	GlobalSection(SolutionConfigurationPlatforms) = preSolution
		Debug|Any CPU = Debug|Any CPU
		Release|Any CPU = Release|Any CPU
	EndGlobalSection
	GlobalSection(ProjectConfigurationPlatforms) = postSolution
		{852E8110-AC2A-4515-993B-D177FB693A7D}.Debug|Any CPU.ActiveCfg = Debug|Any CPU
		{852E8110-AC2A-4515-993B-D177FB693A7D}.Debug|Any CPU.Build.0 = Debug|Any CPU
		{852E8110-AC2A-4515-993B-D177FB693A7D}.Release|Any CPU.ActiveCfg = Release|Any CPU
		{852E8110-AC2A-4515-993B-D177FB693A7D}.Release|Any CPU.Build.0 = Release|Any CPU
	EndGlobalSection
	GlobalSection(SolutionProperties) = preSolution
		HideSolutionNode = FALSE
	EndGlobalSection
	GlobalSection(ExtensibilityGlobals) = postSolution
		SolutionGuid = {1759F726-AC17-4DE0-BDC4-B4D8BCBBB918}
	EndGlobalSection
EndGlobal
